
Microsoft Visual Studio Solution File, Format Version 12.00
# Visual Studio 15
VisualStudioVersion = 15.0.28307.572
MinimumVisualStudioVersion = 10.0.40219.1
Project("{FAE04EC0-301F-11D3-BF4B-00C04F79EFBC}") = "Store.Models", "Store.Models\Store.Models.csproj", "{12D7A881-8084-4C31-A3AD-F817CD28F9DF}"
EndProject
Project("{FAE04EC0-301F-11D3-BF4B-00C04F79EFBC}") = "Store.Services", "Store.Services\Store.Services.csproj", "{77FF74EC-FEF7-449F-8B15-8FA132117613}"
EndProject
Global
	GlobalSection(SolutionConfigurationPlatforms) = preSolution
		Debug|Any CPU = Debug|Any CPU
		Release|Any CPU = Release|Any CPU
	EndGlobalSection
	GlobalSection(ProjectConfigurationPlatforms) = postSolution
		{12D7A881-8084-4C31-A3AD-F817CD28F9DF}.Debug|Any CPU.ActiveCfg = Debug|Any CPU
		{12D7A881-8084-4C31-A3AD-F817CD28F9DF}.Debug|Any CPU.Build.0 = Debug|Any CPU
		{12D7A881-8084-4C31-A3AD-F817CD28F9DF}.Release|Any CPU.ActiveCfg = Release|Any CPU
		{12D7A881-8084-4C31-A3AD-F817CD28F9DF}.Release|Any CPU.Build.0 = Release|Any CPU
		{77FF74EC-FEF7-449F-8B15-8FA132117613}.Debug|Any CPU.ActiveCfg = Debug|Any CPU
		{77FF74EC-FEF7-449F-8B15-8FA132117613}.Debug|Any CPU.Build.0 = Debug|Any CPU
		{77FF74EC-FEF7-449F-8B15-8FA132117613}.Release|Any CPU.ActiveCfg = Release|Any CPU
		{77FF74EC-FEF7-449F-8B15-8FA132117613}.Release|Any CPU.Build.0 = Release|Any CPU
	EndGlobalSection
	GlobalSection(SolutionProperties) = preSolution
		HideSolutionNode = FALSE
	EndGlobalSection
	GlobalSection(ExtensibilityGlobals) = postSolution
		SolutionGuid = {0B5B7189-C960-44BC-A189-10B424942CD8}
	EndGlobalSection
EndGlobal
